{
  "name": "vue-cli-maker-vue-3",
  "version": "1.0.0",
  "lockfileVersion": 3,
  "requires": true,
  "packages": {
    "": {
      "name": "vue-cli-maker-vue-3",
      "version": "1.0.0",
      "license": "ISC",
      "dependencies": {
        "vue-cli-maker-vue-3": "file:"
      },
      "bin": {
        "create-model-v2": "builder-v2/createModel.js",
        "create-module": "builder-v2/createModule.js",
        "create-service-v2": "builder-v2/createService.js",
        "create-store-v2": "builder-v2/createStore.js"
      }
    },
    "node_modules/vue-cli-maker-vue-3": {
      "resolved": "",
      "link": true
    }
  }
}
